// !$*UTF8*$!
{
	archiveVersion = 1;
	classes = {
	};
	objectVersion = 55;
	objects = {

/* Begin PBXBuildFile section */
		6D980FB9272A3E1300ECEDD2 /* IMDBLiveSearch_ExpApp.swift in Sources */ = {isa = PBXBuildFile; fileRef = 6D980FB8272A3E1300ECEDD2 /* IMDBLiveSearch_ExpApp.swift */; };
		6D980FBB272A3E1300ECEDD2 /* ContentView.swift in Sources */ = {isa = PBXBuildFile; fileRef = 6D980FBA272A3E1300ECEDD2 /* ContentView.swift */; };
		6D980FBD272A3E1500ECEDD2 /* Assets.xcassets in Resources */ = {isa = PBXBuildFile; fileRef = 6D980FBC272A3E1500ECEDD2 /* Assets.xcassets */; };
		6D980FC0272A3E1500ECEDD2 /* Preview Assets.xcassets in Resources */ = {isa = PBXBuildFile; fileRef = 6D980FBF272A3E1500ECEDD2 /* Preview Assets.xcassets */; };
		6D980FCB272A43E900ECEDD2 /* NetworkCall.swift in Sources */ = {isa = PBXBuildFile; fileRef = 6D980FCA272A43E900ECEDD2 /* NetworkCall.swift */; };
		6D980FCD272A442500ECEDD2 /* Response.swift in Sources */ = {isa = PBXBuildFile; fileRef = 6D980FCC272A442500ECEDD2 /* Response.swift */; };
/* End PBXBuildFile section */

/* Begin PBXFileReference section */
		6D980FB5272A3E1300ECEDD2 /* IMDBLiveSearch_Exp.app */ = {isa = PBXFileReference; explicitFileType = wrapper.application; includeInIndex = 0; path = IMDBLiveSearch_Exp.app; sourceTree = BUILT_PRODUCTS_DIR; };
		6D980FB8272A3E1300ECEDD2 /* IMDBLiveSearch_ExpApp.swift */ = {isa = PBXFileReference; lastKnownFileType = sourcecode.swift; path = IMDBLiveSearch_ExpApp.swift; sourceTree = "<group>"; };
		6D980FBA272A3E1300ECEDD2 /* ContentView.swift */ = {isa = PBXFileReference; lastKnownFileType = sourcecode.swift; path = ContentView.swift; sourceTree = "<group>"; };
		6D980FBC272A3E1500ECEDD2 /* Assets.xcassets */ = {isa = PBXFileReference; lastKnownFileType = folder.assetcatalog; path = Assets.xcassets; sourceTree = "<group>"; };
		6D980FBF272A3E1500ECEDD2 /* Preview Assets.xcassets */ = {isa = PBXFileReference; lastKnownFileType = folder.assetcatalog; path = "Preview Assets.xcassets"; sourceTree = "<group>"; };
		6D980FCA272A43E900ECEDD2 /* NetworkCall.swift */ = {isa = PBXFileReference; lastKnownFileType = sourcecode.swift; path = NetworkCall.swift; sourceTree = "<group>"; };
		6D980FCC272A442500ECEDD2 /* Response.swift */ = {isa = PBXFileReference; lastKnownFileType = sourcecode.swift; path = Response.swift; sourceTree = "<group>"; };
/* End PBXFileReference section */

/* Begin PBXFrameworksBuildPhase section */
		6D980FB2272A3E1300ECEDD2 /* Frameworks */ = {
			isa = PBXFrameworksBuildPhase;
			buildActionMask = 2147483647;
			files = (
			);
			runOnlyForDeploymentPostprocessing = 0;
		};
/* End PBXFrameworksBuildPhase section */

/* Begin PBXGroup section */
		6D980FAC272A3E1300ECEDD2 = {
			isa = PBXGroup;
			children = (
				6D980FB7272A3E1300ECEDD2 /* IMDBLiveSearch_Exp */,
				6D980FB6272A3E1300ECEDD2 /* Products */,
			);
			sourceTree = "<group>";
		};
		6D980FB6272A3E1300ECEDD2 /* Products */ = {
			isa = PBXGroup;
			children = (
				6D980FB5272A3E1300ECEDD2 /* IMDBLiveSearch_Exp.app */,
			);
			name = Products;
			sourceTree = "<group>";
		};
		6D980FB7272A3E1300ECEDD2 /* IMDBLiveSearch_Exp */ = {
			isa = PBXGroup;
			children = (
				6D980FB8272A3E1300ECEDD2 /* IMDBLiveSearch_ExpApp.swift */,
				6D980FC6272A3E3500ECEDD2 /* Helper & Extensions */,
				6D980FC8272A3E5000ECEDD2 /* Models */,
				6D980FC7272A3E4700ECEDD2 /* Views */,
				6D980FC9272A3E6500ECEDD2 /* Resources */,
				6D980FBE272A3E1500ECEDD2 /* Preview Content */,
			);
			path = IMDBLiveSearch_Exp;
			sourceTree = "<group>";
		};
		6D980FBE272A3E1500ECEDD2 /* Preview Content */ = {
			isa = PBXGroup;
			children = (
				6D980FBF272A3E1500ECEDD2 /* Preview Assets.xcassets */,
			);
			path = "Preview Content";
			sourceTree = "<group>";
		};
		6D980FC6272A3E3500ECEDD2 /* Helper & Extensions */ = {
			isa = PBXGroup;
			children = (
				6D980FCA272A43E900ECEDD2 /* NetworkCall.swift */,
			);
			path = "Helper & Extensions";
			sourceTree = "<group>";
		};
		6D980FC7272A3E4700ECEDD2 /* Views */ = {
			isa = PBXGroup;
			children = (
				6D980FBA272A3E1300ECEDD2 /* ContentView.swift */,
			);
			path = Views;
			sourceTree = "<group>";
		};
		6D980FC8272A3E5000ECEDD2 /* Models */ = {
			isa = PBXGroup;
			children = (
				6D980FCC272A442500ECEDD2 /* Response.swift */,
			);
			path = Models;
			sourceTree = "<group>";
		};
		6D980FC9272A3E6500ECEDD2 /* Resources */ = {
			isa = PBXGroup;
			children = (
				6D980FBC272A3E1500ECEDD2 /* Assets.xcassets */,
			);
			path = Resources;
			sourceTree = "<group>";
		};
/* End PBXGroup section */

/* Begin PBXNativeTarget section */
		6D980FB4272A3E1300ECEDD2 /* IMDBLiveSearch_Exp */ = {
			isa = PBXNativeTarget;
			buildConfigurationList = 6D980FC3272A3E1500ECEDD2 /* Build configuration list for PBXNativeTarget "IMDBLiveSearch_Exp" */;
			buildPhases = (
				6D980FB1272A3E1300ECEDD2 /* Sources */,
				6D980FB2272A3E1300ECEDD2 /* Frameworks */,
				6D980FB3272A3E1300ECEDD2 /* Resources */,
			);
			buildRules = (
			);
			dependencies = (
			);
			name = IMDBLiveSearch_Exp;
			productName = IMDBLiveSearch_Exp;
			productReference = 6D980FB5272A3E1300ECEDD2 /* IMDBLiveSearch_Exp.app */;
			productType = "com.apple.product-type.application";
		};
/* End PBXNativeTarget section */

/* Begin PBXProject section */
		6D980FAD272A3E1300ECEDD2 /* Project object */ = {
			isa = PBXProject;
			attributes = {
				BuildIndependentTargetsInParallel = 1;
				LastSwiftUpdateCheck = 1310;
				LastUpgradeCheck = 1310;
				TargetAttributes = {
					6D980FB4272A3E1300ECEDD2 = {
						CreatedOnToolsVersion = 13.1;
					};
				};
			};
			buildConfigurationList = 6D980FB0272A3E1300ECEDD2 /* Build configuration list for PBXProject "IMDBLiveSearch_Exp" */;
			compatibilityVersion = "Xcode 13.0";
			developmentRegion = en;
			hasScannedForEncodings = 0;
			knownRegions = (
				en,
				Base,
			);
			mainGroup = 6D980FAC272A3E1300ECEDD2;
			productRefGroup = 6D980FB6272A3E1300ECEDD2 /* Products */;
			projectDirPath = "";
			projectRoot = "";
			targets = (
				6D980FB4272A3E1300ECEDD2 /* IMDBLiveSearch_Exp */,
			);
		};
/* End PBXProject section */

/* Begin PBXResourcesBuildPhase section */
		6D980FB3272A3E1300ECEDD2 /* Resources */ = {
			isa = PBXResourcesBuildPhase;
			buildActionMask = 2147483647;
			files = (
				6D980FC0272A3E1500ECEDD2 /* Preview Assets.xcassets in Resources */,
				6D980FBD272A3E1500ECEDD2 /* Assets.xcassets in Resources */,
			);
			runOnlyForDeploymentPostprocessing = 0;
		};
/* End PBXResourcesBuildPhase section */

/* Begin PBXSourcesBuildPhase section */
		6D980FB1272A3E1300ECEDD2 /* Sources */ = {
			isa = PBXSourcesBuildPhase;
			buildActionMask = 2147483647;
			files = (
				6D980FBB272A3E1300ECEDD2 /* ContentView.swift in Sources */,
				6D980FCB272A43E900ECEDD2 /* NetworkCall.swift in Sources */,
				6D980FCD272A442500ECEDD2 /* Response.swift in Sources */,
				6D980FB9272A3E1300ECEDD2 /* IMDBLiveSearch_ExpApp.swift in Sources */,
			);
			runOnlyForDeploymentPostprocessing = 0;
		};
/* End PBXSourcesBuildPhase section */

/* Begin XCBuildConfiguration section */
		6D980FC1272A3E1500ECEDD2 /* Debug */ = {
			isa = XCBuildConfiguration;
			buildSettings = {
				ALWAYS_SEARCH_USER_PATHS = NO;
				CLANG_ANALYZER_NONNULL = YES;
				CLANG_ANALYZER_NUMBER_OBJECT_CONVERSION = YES_AGGRESSIVE;
				CLANG_CXX_LANGUAGE_STANDARD = "gnu++17";
				CLANG_CXX_LIBRARY = "libc++";
				CLANG_ENABLE_MODULES = YES;
				CLANG_ENABLE_OBJC_ARC = YES;
				CLANG_ENABLE_OBJC_WEAK = YES;
				CLANG_WARN_BLOCK_CAPTURE_AUTORELEASING = YES;
				CLANG_WARN_BOOL_CONVERSION = YES;
				CLANG_WARN_COMMA = YES;
				CLANG_WARN_CONSTANT_CONVERSION = YES;
				CLANG_WARN_DEPRECATED_OBJC_IMPLEMENTATIONS = YES;
				CLANG_WARN_DIRECT_OBJC_ISA_USAGE = YES_ERROR;
				CLANG_WARN_DOCUMENTATION_COMMENTS = YES;
				CLANG_WARN_EMPTY_BODY = YES;
				CLANG_WARN_ENUM_CONVERSION = YES;
				CLANG_WARN_INFINITE_RECURSION = YES;
				CLANG_WARN_INT_CONVERSION = YES;
				CLANG_WARN_NON_LITERAL_NULL_CONVERSION = YES;
				CLANG_WARN_OBJC_IMPLICIT_RETAIN_SELF = YES;
				CLANG_WARN_OBJC_LITERAL_CONVERSION = YES;
				CLANG_WARN_OBJC_ROOT_CLASS = YES_ERROR;
				CLANG_WARN_QUOTED_INCLUDE_IN_FRAMEWORK_HEADER = YES;
				CLANG_WARN_RANGE_LOOP_ANALYSIS = YES;
				CLANG_WARN_STRICT_PROTOTYPES = YES;
				CLANG_WARN_SUSPICIOUS_MOVE = YES;
				CLANG_WARN_UNGUARDED_AVAILABILITY = YES_AGGRESSIVE;
				CLANG_WARN_UNREACHABLE_CODE = YES;
				CLANG_WARN__DUPLICATE_METHOD_MATCH = YES;
				COPY_PHASE_STRIP = NO;
				DEBUG_INFORMATION_FORMAT = dwarf;
				ENABLE_STRICT_OBJC_MSGSEND = YES;
				ENABLE_TESTABILITY = YES;
				GCC_C_LANGUAGE_STANDARD = gnu11;
				GCC_DYNAMIC_NO_PIC = NO;
				GCC_NO_COMMON_BLOCKS = YES;
				GCC_OPTIMIZATION_LEVEL = 0;
				GCC_PREPROCESSOR_DEFINITIONS = (
					"DEBUG=1",
					"$(inherited)",
				);
				GCC_WARN_64_TO_32_BIT_CONVERSION = YES;
				GCC_WARN_ABOUT_RETURN_TYPE = YES_ERROR;
				GCC_WARN_UNDECLARED_SELECTOR = YES;
				GCC_WARN_UNINITIALIZED_AUTOS = YES_AGGRESSIVE;
				GCC_WARN_UNUSED_FUNCTION = YES;
				GCC_WARN_UNUSED_VARIABLE = YES;
				IPHONEOS_DEPLOYMENT_TARGET = 15.0;
				MTL_ENABLE_DEBUG_INFO = INCLUDE_SOURCE;
				MTL_FAST_MATH = YES;
				ONLY_ACTIVE_ARCH = YES;
				SDKROOT = iphoneos;
				SWIFT_ACTIVE_COMPILATION_CONDITIONS = DEBUG;
				SWIFT_OPTIMIZATION_LEVEL = "-Onone";
			};
			name = Debug;
		};
		6D980FC2272A3E1500ECEDD2 /* Release */ = {
			isa = XCBuildConfiguration;
			buildSettings = {
				ALWAYS_SEARCH_USER_PATHS = NO;
				CLANG_ANALYZER_NONNULL = YES;
				CLANG_ANALYZER_NUMBER_OBJECT_CONVERSION = YES_AGGRESSIVE;
				CLANG_CXX_LANGUAGE_STANDARD = "gnu++17";
				CLANG_CXX_LIBRARY = "libc++";
				CLANG_ENABLE_MODULES = YES;
				CLANG_ENABLE_OBJC_ARC = YES;
				CLANG_ENABLE_OBJC_WEAK = YES;
				CLANG_WARN_BLOCK_CAPTURE_AUTORELEASING = YES;
				CLANG_WARN_BOOL_CONVERSION = YES;
				CLANG_WARN_COMMA = YES;
				CLANG_WARN_CONSTANT_CONVERSION = YES;
				CLANG_WARN_DEPRECATED_OBJC_IMPLEMENTATIONS = YES;
				CLANG_WARN_DIRECT_OBJC_ISA_USAGE = YES_ERROR;
				CLANG_WARN_DOCUMENTATION_COMMENTS = YES;
				CLANG_WARN_EMPTY_BODY = YES;
				CLANG_WARN_ENUM_CONVERSION = YES;
				CLANG_WARN_INFINITE_RECURSION = YES;
				CLANG_WARN_INT_CONVERSION = YES;
				CLANG_WARN_NON_LITERAL_NULL_CONVERSION = YES;
				CLANG_WARN_OBJC_IMPLICIT_RETAIN_SELF = YES;
				CLANG_WARN_OBJC_LITERAL_CONVERSION = YES;
				CLANG_WARN_OBJC_ROOT_CLASS = YES_ERROR;
				CLANG_WARN_QUOTED_INCLUDE_IN_FRAMEWORK_HEADER = YES;
				CLANG_WARN_RANGE_LOOP_ANALYSIS = YES;
				CLANG_WARN_STRICT_PROTOTYPES = YES;
				CLANG_WARN_SUSPICIOUS_MOVE = YES;
				CLANG_WARN_UNGUARDED_AVAILABILITY = YES_AGGRESSIVE;
				CLANG_WARN_UNREACHABLE_CODE = YES;
				CLANG_WARN__DUPLICATE_METHOD_MATCH = YES;
				COPY_PHASE_STRIP = NO;
				DEBUG_INFORMATION_FORMAT = "dwarf-with-dsym";
				ENABLE_NS_ASSERTIONS = NO;
				ENABLE_STRICT_OBJC_MSGSEND = YES;
				GCC_C_LANGUAGE_STANDARD = gnu11;
				GCC_NO_COMMON_BLOCKS = YES;
				GCC_WARN_64_TO_32_BIT_CONVERSION = YES;
				GCC_WARN_ABOUT_RETURN_TYPE = YES_ERROR;
				GCC_WARN_UNDECLARED_SELECTOR = YES;
				GCC_WARN_UNINITIALIZED_AUTOS = YES_AGGRESSIVE;
				GCC_WARN_UNUSED_FUNCTION = YES;
				GCC_WARN_UNUSED_VARIABLE = YES;
				IPHONEOS_DEPLOYMENT_TARGET = 15.0;
				MTL_ENABLE_DEBUG_INFO = NO;
				MTL_FAST_MATH = YES;
				SDKROOT = iphoneos;
				SWIFT_COMPILATION_MODE = wholemodule;
				SWIFT_OPTIMIZATION_LEVEL = "-O";
				VALIDATE_PRODUCT = YES;
			};
			name = Release;
		};
		6D980FC4272A3E1500ECEDD2 /* Debug */ = {
			isa = XCBuildConfiguration;
			buildSettings = {
				ASSETCATALOG_COMPILER_APPICON_NAME = AppIcon;
				ASSETCATALOG_COMPILER_GLOBAL_ACCENT_COLOR_NAME = AccentColor;
				CODE_SIGN_STYLE = Automatic;
				CURRENT_PROJECT_VERSION = 1;
				DEVELOPMENT_ASSET_PATHS = "\"IMDBLiveSearch_Exp/Preview Content\"";
				DEVELOPMENT_TEAM = 6T94248RU7;
				ENABLE_PREVIEWS = YES;
				GENERATE_INFOPLIST_FILE = YES;
				INFOPLIST_KEY_UIApplicationSceneManifest_Generation = YES;
				INFOPLIST_KEY_UIApplicationSupportsIndirectInputEvents = YES;
				INFOPLIST_KEY_UILaunchScreen_Generation = YES;
				INFOPLIST_KEY_UISupportedInterfaceOrientations_iPad = "UIInterfaceOrientationPortrait UIInterfaceOrientationPortraitUpsideDown UIInterfaceOrientationLandscapeLeft UIInterfaceOrientationLandscapeRight";
				INFOPLIST_KEY_UISupportedInterfaceOrientations_iPhone = "UIInterfaceOrientationPortrait UIInterfaceOrientationLandscapeLeft UIInterfaceOrientationLandscapeRight";
				LD_RUNPATH_SEARCH_PATHS = (
					"$(inherited)",
					"@executable_path/Frameworks",
				);
				MARKETING_VERSION = 1.0;
				PRODUCT_BUNDLE_IDENTIFIER = "com.ShakFeizi.IMDBLiveSearch-Exp";
				PRODUCT_NAME = "$(TARGET_NAME)";
				SWIFT_EMIT_LOC_STRINGS = YES;
				SWIFT_VERSION = 5.0;
				TARGETED_DEVICE_FAMILY = "1,2";
			};
			name = Debug;
		};
		6D980FC5272A3E1500ECEDD2 /* Release */ = {
			isa = XCBuildConfiguration;
			buildSettings = {
				ASSETCATALOG_COMPILER_APPICON_NAME = AppIcon;
				ASSETCATALOG_COMPILER_GLOBAL_ACCENT_COLOR_NAME = AccentColor;
				CODE_SIGN_STYLE = Automatic;
				CURRENT_PROJECT_VERSION = 1;
				DEVELOPMENT_ASSET_PATHS = "\"IMDBLiveSearch_Exp/Preview Content\"";
				DEVELOPMENT_TEAM = 6T94248RU7;
				ENABLE_PREVIEWS = YES;
				GENERATE_INFOPLIST_FILE = YES;
				INFOPLIST_KEY_UIApplicationSceneManifest_Generation = YES;
				INFOPLIST_KEY_UIApplicationSupportsIndirectInputEvents = YES;
				INFOPLIST_KEY_UILaunchScreen_Generation = YES;
				INFOPLIST_KEY_UISupportedInterfaceOrientations_iPad = "UIInterfaceOrientationPortrait UIInterfaceOrientationPortraitUpsideDown UIInterfaceOrientationLandscapeLeft UIInterfaceOrientationLandscapeRight";
				INFOPLIST_KEY_UISupportedInterfaceOrientations_iPhone = "UIInterfaceOrientationPortrait UIInterfaceOrientationLandscapeLeft UIInterfaceOrientationLandscapeRight";
				LD_RUNPATH_SEARCH_PATHS = (
					"$(inherited)",
					"@executable_path/Frameworks",
				);
				MARKETING_VERSION = 1.0;
				PRODUCT_BUNDLE_IDENTIFIER = "com.ShakFeizi.IMDBLiveSearch-Exp";
				PRODUCT_NAME = "$(TARGET_NAME)";
				SWIFT_EMIT_LOC_STRINGS = YES;
				SWIFT_VERSION = 5.0;
				TARGETED_DEVICE_FAMILY = "1,2";
			};
			name = Release;
		};
/* End XCBuildConfiguration section */

/* Begin XCConfigurationList section */
		6D980FB0272A3E1300ECEDD2 /* Build configuration list for PBXProject "IMDBLiveSearch_Exp" */ = {
			isa = XCConfigurationList;
			buildConfigurations = (
				6D980FC1272A3E1500ECEDD2 /* Debug */,
				6D980FC2272A3E1500ECEDD2 /* Release */,
			);
			defaultConfigurationIsVisible = 0;
			defaultConfigurationName = Release;
		};
		6D980FC3272A3E1500ECEDD2 /* Build configuration list for PBXNativeTarget "IMDBLiveSearch_Exp" */ = {
			isa = XCConfigurationList;
			buildConfigurations = (
				6D980FC4272A3E1500ECEDD2 /* Debug */,
				6D980FC5272A3E1500ECEDD2 /* Release */,
			);
			defaultConfigurationIsVisible = 0;
			defaultConfigurationName = Release;
		};
/* End XCConfigurationList section */
	};
	rootObject = 6D980FAD272A3E1300ECEDD2 /* Project object */;
}
